hash: 8b6bf411011ccecba56db2fd04d64ed651e3636292f0b624a81e74fc8573964a
updated: 2017-10-08T17:04:12.138813984Z
imports:
- name: github.com/golang/protobuf
  version: 6a1fa9404c0aebf36c879bc50152edcc953910d2
  subpackages:
  - proto
  - protoc-gen-go
  - ptypes
  - ptypes/any
  - ptypes/duration
  - ptypes/timestamp
- name: golang.org/x/net
  version: 1f9224279e98554b6a6432d4dd998a739f8b2b7c
  subpackages:
  - context
  - http2
  - http2/hpack
  - idna
  - internal/timeseries
  - lex/httplex
  - trace
- name: golang.org/x/text
  version: 6353ef0f924300eea566d3438817aa4d3374817e
  subpackages:
  - secure/bidirule
  - transform
  - unicode/bidi
  - unicode/norm
- name: google.golang.org/genproto
  version: aa2eb687b4d3e17154372564ad8d6bf11c3cf21f
  subpackages:
  - googleapis/rpc/status
- name: google.golang.org/grpc
  version: f92cdcd7dcdc69e81b2d7b338479a19a8723cfa3
  subpackages:
  - codes
  - credentials
  - grpclb/grpc_lb_v1
  - grpclog
  - internal
  - keepalive
  - metadata
  - naming
  - peer
  - stats
  - status
  - tap
  - transport
testImports: []
